
Microsoft Visual Studio Solution File, Format Version 12.00
# Visual Studio Version 16
VisualStudioVersion = 16.0.31729.503
MinimumVisualStudioVersion = 10.0.40219.1
Project("{9A19103F-16F7-4668-BE54-9A1E7A4F7556}") = "BlogSite.web", "BlogSite.web\BlogSite.web.csproj", "{04CD13AF-C4C5-4EB5-96EB-006F19EBCA76}"
EndProject
Project("{9A19103F-16F7-4668-BE54-9A1E7A4F7556}") = "BlogSite.Data", "BlogSite.Data\BlogSite.Data.csproj", "{D93F34A2-53C4-4FE5-A014-91115D819867}"
EndProject
Global
	GlobalSection(SolutionConfigurationPlatforms) = preSolution
		Debug|Any CPU = Debug|Any CPU
		Release|Any CPU = Release|Any CPU
	EndGlobalSection
	GlobalSection(ProjectConfigurationPlatforms) = postSolution
		{04CD13AF-C4C5-4EB5-96EB-006F19EBCA76}.Debug|Any CPU.ActiveCfg = Debug|Any CPU
		{04CD13AF-C4C5-4EB5-96EB-006F19EBCA76}.Debug|Any CPU.Build.0 = Debug|Any CPU
		{04CD13AF-C4C5-4EB5-96EB-006F19EBCA76}.Release|Any CPU.ActiveCfg = Release|Any CPU
		{04CD13AF-C4C5-4EB5-96EB-006F19EBCA76}.Release|Any CPU.Build.0 = Release|Any CPU
		{D93F34A2-53C4-4FE5-A014-91115D819867}.Debug|Any CPU.ActiveCfg = Debug|Any CPU
		{D93F34A2-53C4-4FE5-A014-91115D819867}.Debug|Any CPU.Build.0 = Debug|Any CPU
		{D93F34A2-53C4-4FE5-A014-91115D819867}.Release|Any CPU.ActiveCfg = Release|Any CPU
		{D93F34A2-53C4-4FE5-A014-91115D819867}.Release|Any CPU.Build.0 = Release|Any CPU
	EndGlobalSection
	GlobalSection(SolutionProperties) = preSolution
		HideSolutionNode = FALSE
	EndGlobalSection
	GlobalSection(ExtensibilityGlobals) = postSolution
		SolutionGuid = {31ECD38B-55B4-4113-8262-A8869E027D06}
	EndGlobalSection
EndGlobal
